
Microsoft Visual Studio Solution File, Format Version 12.00
# Visual Studio Version 17
VisualStudioVersion = 17.1.32210.238
MinimumVisualStudioVersion = 10.0.40219.1
Project("{FAE04EC0-301F-11D3-BF4B-00C04F79EFBC}") = "Taller2", "Taller2.csproj", "{D976CC3F-32A5-4B73-8BAB-4B5E88CAB98E}"
EndProject
Global
	GlobalSection(SolutionConfigurationPlatforms) = preSolution
		Debug|Any CPU = Debug|Any CPU
		Release|Any CPU = Release|Any CPU
	EndGlobalSection
	GlobalSection(ProjectConfigurationPlatforms) = postSolution
		{D976CC3F-32A5-4B73-8BAB-4B5E88CAB98E}.Debug|Any CPU.ActiveCfg = Debug|Any CPU
		{D976CC3F-32A5-4B73-8BAB-4B5E88CAB98E}.Debug|Any CPU.Build.0 = Debug|Any CPU
		{D976CC3F-32A5-4B73-8BAB-4B5E88CAB98E}.Release|Any CPU.ActiveCfg = Release|Any CPU
		{D976CC3F-32A5-4B73-8BAB-4B5E88CAB98E}.Release|Any CPU.Build.0 = Release|Any CPU
	EndGlobalSection
	GlobalSection(SolutionProperties) = preSolution
		HideSolutionNode = FALSE
	EndGlobalSection
	GlobalSection(ExtensibilityGlobals) = postSolution
		SolutionGuid = {22733B06-29EE-4C32-9A34-CF6D84B6D938}
	EndGlobalSection
EndGlobal
